
Microsoft Visual Studio Solution File, Format Version 12.00
# Visual Studio Version 16
VisualStudioVersion = 16.0.30521.17
MinimumVisualStudioVersion = 10.0.40219.1
Project("{9A19103F-16F7-4668-BE54-9A1E7A4F7556}") = "NuGetCompat", "NuGetCompat\NuGetCompat.csproj", "{17489FE7-3379-4411-A38E-5BB9CF812DBF}"
EndProject
Project("{9A19103F-16F7-4668-BE54-9A1E7A4F7556}") = "NuGet.Commands", "submodules\NuGet.Client\src\NuGet.Core\NuGet.Commands\NuGet.Commands.csproj", "{AD7D162A-75BC-4299-AA1F-F73D2FB1D1AA}"
EndProject
Project("{9A19103F-16F7-4668-BE54-9A1E7A4F7556}") = "NuGet.Packaging", "submodules\NuGet.Client\src\NuGet.Core\NuGet.Packaging\NuGet.Packaging.csproj", "{A00C606D-44F5-4274-B8FE-88934FA82643}"
EndProject
Project("{2150E333-8FDC-42A3-9474-1A3956D46DE8}") = "NuGet.Client", "NuGet.Client", "{C74D8DAE-6DE0-4E3B-BC76-34C0EC51B4A6}"
EndProject
Project("{9A19103F-16F7-4668-BE54-9A1E7A4F7556}") = "NuGet.Credentials", "submodules\NuGet.Client\src\NuGet.Core\NuGet.Credentials\NuGet.Credentials.csproj", "{C53CDFDB-6E35-47F3-B263-805B14AF2EB2}"
EndProject
Project("{9A19103F-16F7-4668-BE54-9A1E7A4F7556}") = "NuGet.ProjectModel", "submodules\NuGet.Client\src\NuGet.Core\NuGet.ProjectModel\NuGet.ProjectModel.csproj", "{B197F6ED-E922-4D72-8914-08C8D0C939BF}"
EndProject
Project("{9A19103F-16F7-4668-BE54-9A1E7A4F7556}") = "NuGet.Protocol", "submodules\NuGet.Client\src\NuGet.Core\NuGet.Protocol\NuGet.Protocol.csproj", "{4D363B31-39FA-4A15-8DFF-6834C869D707}"
EndProject
Project("{9A19103F-16F7-4668-BE54-9A1E7A4F7556}") = "NuGet.Configuration", "submodules\NuGet.Client\src\NuGet.Core\NuGet.Configuration\NuGet.Configuration.csproj", "{BF5F48FB-975D-4CCE-BE00-F6EDD951EA7F}"
EndProject
Project("{9A19103F-16F7-4668-BE54-9A1E7A4F7556}") = "NuGet.Versioning", "submodules\NuGet.Client\src\NuGet.Core\NuGet.Versioning\NuGet.Versioning.csproj", "{E8D773F4-D04E-40BC-94D2-C5AD236A32F6}"
EndProject
Project("{9A19103F-16F7-4668-BE54-9A1E7A4F7556}") = "NuGet.Common", "submodules\NuGet.Client\src\NuGet.Core\NuGet.Common\NuGet.Common.csproj", "{FF0279A2-116C-4995-B208-69B02A1D6CCB}"
EndProject
Project("{9A19103F-16F7-4668-BE54-9A1E7A4F7556}") = "NuGet.Frameworks", "submodules\NuGet.Client\src\NuGet.Core\NuGet.Frameworks\NuGet.Frameworks.csproj", "{CB1EA74D-C75B-4AEE-ADA0-EC98D86BD3AD}"
EndProject
Project("{9A19103F-16F7-4668-BE54-9A1E7A4F7556}") = "NuGet.DependencyResolver.Core", "submodules\NuGet.Client\src\NuGet.Core\NuGet.DependencyResolver.Core\NuGet.DependencyResolver.Core.csproj", "{8E9C2FD8-8140-464F-AD4B-5B4BA148AAC4}"
EndProject
Project("{9A19103F-16F7-4668-BE54-9A1E7A4F7556}") = "NuGet.LibraryModel", "submodules\NuGet.Client\src\NuGet.Core\NuGet.LibraryModel\NuGet.LibraryModel.csproj", "{D98C55D3-56FC-41FB-A035-9A1947418AD6}"
EndProject
Project("{9A19103F-16F7-4668-BE54-9A1E7A4F7556}") = "CompatFinder", "CompatFinder\CompatFinder.csproj", "{86DA0356-3F5D-4516-ABFA-1DB4DDAD50B6}"
EndProject
Project("{FAE04EC0-301F-11D3-BF4B-00C04F79EFBC}") = "NuGetCompat.CommandLine", "NuGetCompat.CommandLine\NuGetCompat.CommandLine.csproj", "{FE79E6D4-5BB2-474E-A856-F4C4D5BE4A71}"
EndProject
Project("{FAE04EC0-301F-11D3-BF4B-00C04F79EFBC}") = "NuGet.Frameworks.Generator", "NuGet.Frameworks.Generator\NuGet.Frameworks.Generator.csproj", "{89BE5283-0CDA-467F-85C4-D1A761CFBB21}"
EndProject
Global
	GlobalSection(SolutionConfigurationPlatforms) = preSolution
		Debug|Any CPU = Debug|Any CPU
		Release|Any CPU = Release|Any CPU
	EndGlobalSection
	GlobalSection(ProjectConfigurationPlatforms) = postSolution
		{17489FE7-3379-4411-A38E-5BB9CF812DBF}.Debug|Any CPU.ActiveCfg = Debug|Any CPU
		{17489FE7-3379-4411-A38E-5BB9CF812DBF}.Debug|Any CPU.Build.0 = Debug|Any CPU
		{17489FE7-3379-4411-A38E-5BB9CF812DBF}.Release|Any CPU.ActiveCfg = Release|Any CPU
		{17489FE7-3379-4411-A38E-5BB9CF812DBF}.Release|Any CPU.Build.0 = Release|Any CPU
		{AD7D162A-75BC-4299-AA1F-F73D2FB1D1AA}.Debug|Any CPU.ActiveCfg = Debug|Any CPU
		{AD7D162A-75BC-4299-AA1F-F73D2FB1D1AA}.Debug|Any CPU.Build.0 = Debug|Any CPU
		{AD7D162A-75BC-4299-AA1F-F73D2FB1D1AA}.Release|Any CPU.ActiveCfg = Release|Any CPU
		{AD7D162A-75BC-4299-AA1F-F73D2FB1D1AA}.Release|Any CPU.Build.0 = Release|Any CPU
		{A00C606D-44F5-4274-B8FE-88934FA82643}.Debug|Any CPU.ActiveCfg = Debug|Any CPU
		{A00C606D-44F5-4274-B8FE-88934FA82643}.Debug|Any CPU.Build.0 = Debug|Any CPU
		{A00C606D-44F5-4274-B8FE-88934FA82643}.Release|Any CPU.ActiveCfg = Release|Any CPU
		{A00C606D-44F5-4274-B8FE-88934FA82643}.Release|Any CPU.Build.0 = Release|Any CPU
		{C53CDFDB-6E35-47F3-B263-805B14AF2EB2}.Debug|Any CPU.ActiveCfg = Debug|Any CPU
		{C53CDFDB-6E35-47F3-B263-805B14AF2EB2}.Debug|Any CPU.Build.0 = Debug|Any CPU
		{C53CDFDB-6E35-47F3-B263-805B14AF2EB2}.Release|Any CPU.ActiveCfg = Release|Any CPU
		{C53CDFDB-6E35-47F3-B263-805B14AF2EB2}.Release|Any CPU.Build.0 = Release|Any CPU
		{B197F6ED-E922-4D72-8914-08C8D0C939BF}.Debug|Any CPU.ActiveCfg = Debug|Any CPU
		{B197F6ED-E922-4D72-8914-08C8D0C939BF}.Debug|Any CPU.Build.0 = Debug|Any CPU
		{B197F6ED-E922-4D72-8914-08C8D0C939BF}.Release|Any CPU.ActiveCfg = Release|Any CPU
		{B197F6ED-E922-4D72-8914-08C8D0C939BF}.Release|Any CPU.Build.0 = Release|Any CPU
		{4D363B31-39FA-4A15-8DFF-6834C869D707}.Debug|Any CPU.ActiveCfg = Debug|Any CPU
		{4D363B31-39FA-4A15-8DFF-6834C869D707}.Debug|Any CPU.Build.0 = Debug|Any CPU
		{4D363B31-39FA-4A15-8DFF-6834C869D707}.Release|Any CPU.ActiveCfg = Release|Any CPU
		{4D363B31-39FA-4A15-8DFF-6834C869D707}.Release|Any CPU.Build.0 = Release|Any CPU
		{BF5F48FB-975D-4CCE-BE00-F6EDD951EA7F}.Debug|Any CPU.ActiveCfg = Debug|Any CPU
		{BF5F48FB-975D-4CCE-BE00-F6EDD951EA7F}.Debug|Any CPU.Build.0 = Debug|Any CPU
		{BF5F48FB-975D-4CCE-BE00-F6EDD951EA7F}.Release|Any CPU.ActiveCfg = Release|Any CPU
		{BF5F48FB-975D-4CCE-BE00-F6EDD951EA7F}.Release|Any CPU.Build.0 = Release|Any CPU
		{E8D773F4-D04E-40BC-94D2-C5AD236A32F6}.Debug|Any CPU.ActiveCfg = Debug|Any CPU
		{E8D773F4-D04E-40BC-94D2-C5AD236A32F6}.Debug|Any CPU.Build.0 = Debug|Any CPU
		{E8D773F4-D04E-40BC-94D2-C5AD236A32F6}.Release|Any CPU.ActiveCfg = Release|Any CPU
		{E8D773F4-D04E-40BC-94D2-C5AD236A32F6}.Release|Any CPU.Build.0 = Release|Any CPU
		{FF0279A2-116C-4995-B208-69B02A1D6CCB}.Debug|Any CPU.ActiveCfg = Debug|Any CPU
		{FF0279A2-116C-4995-B208-69B02A1D6CCB}.Debug|Any CPU.Build.0 = Debug|Any CPU
		{FF0279A2-116C-4995-B208-69B02A1D6CCB}.Release|Any CPU.ActiveCfg = Release|Any CPU
		{FF0279A2-116C-4995-B208-69B02A1D6CCB}.Release|Any CPU.Build.0 = Release|Any CPU
		{CB1EA74D-C75B-4AEE-ADA0-EC98D86BD3AD}.Debug|Any CPU.ActiveCfg = Debug|Any CPU
		{CB1EA74D-C75B-4AEE-ADA0-EC98D86BD3AD}.Debug|Any CPU.Build.0 = Debug|Any CPU
		{CB1EA74D-C75B-4AEE-ADA0-EC98D86BD3AD}.Release|Any CPU.ActiveCfg = Release|Any CPU
		{CB1EA74D-C75B-4AEE-ADA0-EC98D86BD3AD}.Release|Any CPU.Build.0 = Release|Any CPU
		{8E9C2FD8-8140-464F-AD4B-5B4BA148AAC4}.Debug|Any CPU.ActiveCfg = Debug|Any CPU
		{8E9C2FD8-8140-464F-AD4B-5B4BA148AAC4}.Debug|Any CPU.Build.0 = Debug|Any CPU
		{8E9C2FD8-8140-464F-AD4B-5B4BA148AAC4}.Release|Any CPU.ActiveCfg = Release|Any CPU
		{8E9C2FD8-8140-464F-AD4B-5B4BA148AAC4}.Release|Any CPU.Build.0 = Release|Any CPU
		{D98C55D3-56FC-41FB-A035-9A1947418AD6}.Debug|Any CPU.ActiveCfg = Debug|Any CPU
		{D98C55D3-56FC-41FB-A035-9A1947418AD6}.Debug|Any CPU.Build.0 = Debug|Any CPU
		{D98C55D3-56FC-41FB-A035-9A1947418AD6}.Release|Any CPU.ActiveCfg = Release|Any CPU
		{D98C55D3-56FC-41FB-A035-9A1947418AD6}.Release|Any CPU.Build.0 = Release|Any CPU
		{86DA0356-3F5D-4516-ABFA-1DB4DDAD50B6}.Debug|Any CPU.ActiveCfg = Debug|Any CPU
		{86DA0356-3F5D-4516-ABFA-1DB4DDAD50B6}.Debug|Any CPU.Build.0 = Debug|Any CPU
		{86DA0356-3F5D-4516-ABFA-1DB4DDAD50B6}.Release|Any CPU.ActiveCfg = Release|Any CPU
		{86DA0356-3F5D-4516-ABFA-1DB4DDAD50B6}.Release|Any CPU.Build.0 = Release|Any CPU
		{FE79E6D4-5BB2-474E-A856-F4C4D5BE4A71}.Debug|Any CPU.ActiveCfg = Debug|Any CPU
		{FE79E6D4-5BB2-474E-A856-F4C4D5BE4A71}.Debug|Any CPU.Build.0 = Debug|Any CPU
		{FE79E6D4-5BB2-474E-A856-F4C4D5BE4A71}.Release|Any CPU.ActiveCfg = Release|Any CPU
		{FE79E6D4-5BB2-474E-A856-F4C4D5BE4A71}.Release|Any CPU.Build.0 = Release|Any CPU
		{89BE5283-0CDA-467F-85C4-D1A761CFBB21}.Debug|Any CPU.ActiveCfg = Debug|Any CPU
		{89BE5283-0CDA-467F-85C4-D1A761CFBB21}.Debug|Any CPU.Build.0 = Debug|Any CPU
		{89BE5283-0CDA-467F-85C4-D1A761CFBB21}.Release|Any CPU.ActiveCfg = Release|Any CPU
		{89BE5283-0CDA-467F-85C4-D1A761CFBB21}.Release|Any CPU.Build.0 = Release|Any CPU
	EndGlobalSection
	GlobalSection(SolutionProperties) = preSolution
		HideSolutionNode = FALSE
	EndGlobalSection
	GlobalSection(NestedProjects) = preSolution
		{AD7D162A-75BC-4299-AA1F-F73D2FB1D1AA} = {C74D8DAE-6DE0-4E3B-BC76-34C0EC51B4A6}
		{A00C606D-44F5-4274-B8FE-88934FA82643} = {C74D8DAE-6DE0-4E3B-BC76-34C0EC51B4A6}
		{C53CDFDB-6E35-47F3-B263-805B14AF2EB2} = {C74D8DAE-6DE0-4E3B-BC76-34C0EC51B4A6}
		{B197F6ED-E922-4D72-8914-08C8D0C939BF} = {C74D8DAE-6DE0-4E3B-BC76-34C0EC51B4A6}
		{4D363B31-39FA-4A15-8DFF-6834C869D707} = {C74D8DAE-6DE0-4E3B-BC76-34C0EC51B4A6}
		{BF5F48FB-975D-4CCE-BE00-F6EDD951EA7F} = {C74D8DAE-6DE0-4E3B-BC76-34C0EC51B4A6}
		{E8D773F4-D04E-40BC-94D2-C5AD236A32F6} = {C74D8DAE-6DE0-4E3B-BC76-34C0EC51B4A6}
		{FF0279A2-116C-4995-B208-69B02A1D6CCB} = {C74D8DAE-6DE0-4E3B-BC76-34C0EC51B4A6}
		{CB1EA74D-C75B-4AEE-ADA0-EC98D86BD3AD} = {C74D8DAE-6DE0-4E3B-BC76-34C0EC51B4A6}
		{8E9C2FD8-8140-464F-AD4B-5B4BA148AAC4} = {C74D8DAE-6DE0-4E3B-BC76-34C0EC51B4A6}
		{D98C55D3-56FC-41FB-A035-9A1947418AD6} = {C74D8DAE-6DE0-4E3B-BC76-34C0EC51B4A6}
	EndGlobalSection
	GlobalSection(ExtensibilityGlobals) = postSolution
		SolutionGuid = {C1BBA062-CBF3-4FD7-ACE2-9CA3A18B2B41}
	EndGlobalSection
EndGlobal
